NeoBundleLock ack.vim eede0425f50d92be89ee8fb4560a5afb707c2a54
NeoBundleLock ctrlp.vim d9eb5aecab74db300bdf2c76308b2c02c469cf5e
NeoBundleLock neobundle.vim 88951d60547595606ea0ca8f28f643d2506f2714
NeoBundleLock nerdtree eee431dbd44111c858c6d33ffd366cae1f17f8b3
NeoBundleLock vim-airline 53c8aa4fd67d4c0c06ea3f58134fdbc92672f737
NeoBundleLock vim-closer 59f2d30fd2f01e396035d58a6a20fff7995e38a5
NeoBundleLock vim-commentary 73e0d9a9d1f51b6cc9dc965f62669194ae851cb1
NeoBundleLock vim-endwise 0067ceda37725d01b7bd5bf249d63b1b5d4e2ab4
NeoBundleLock vim-gitgutter 1742a8f568df549f4daeda90174b54d0c371501f
NeoBundleLock vim-move fd60f3f48e9876f4c5185d947899a4dd786d1853
NeoBundleLock vim-rails 09ffc844ef959ffe133d0994641ade192531007e
NeoBundleLock vim-ruby e865f7cacf05908668ed07be2db553f4fb4d56fd
NeoBundleLock vim-smooth-scroll 0eae2367c70c3415b97869346af1b5e30c123dff
NeoBundleLock vim-sneak 0efb506fdab951134093f1553f2e1c7348b56218
NeoBundleLock vim-surround e49d6c2459e0f5569ff2d533b4df995dd7f98313
